
Microsoft Visual Studio Solution File, Format Version 12.00
# Visual Studio Version 17
VisualStudioVersion = 17.2.32630.192
MinimumVisualStudioVersion = 10.0.40219.1
Project("{FAE04EC0-301F-11D3-BF4B-00C04F79EFBC}") = "Linecmp", "Linecmp\Linecmp.csproj", "{B7C3A90B-21D6-4ACF-B6F6-6E5520CDD2EE}"
EndProject
Global
	GlobalSection(SolutionConfigurationPlatforms) = preSolution
		Debug|Any CPU = Debug|Any CPU
		Release|Any CPU = Release|Any CPU
	EndGlobalSection
	GlobalSection(ProjectConfigurationPlatforms) = postSolution
		{B7C3A90B-21D6-4ACF-B6F6-6E5520CDD2EE}.Debug|Any CPU.ActiveCfg = Debug|Any CPU
		{B7C3A90B-21D6-4ACF-B6F6-6E5520CDD2EE}.Debug|Any CPU.Build.0 = Debug|Any CPU
		{B7C3A90B-21D6-4ACF-B6F6-6E5520CDD2EE}.Release|Any CPU.ActiveCfg = Release|Any CPU
		{B7C3A90B-21D6-4ACF-B6F6-6E5520CDD2EE}.Release|Any CPU.Build.0 = Release|Any CPU
	EndGlobalSection
	GlobalSection(SolutionProperties) = preSolution
		HideSolutionNode = FALSE
	EndGlobalSection
	GlobalSection(ExtensibilityGlobals) = postSolution
		SolutionGuid = {FBE014A8-660D-49D7-9407-A985E9EC6C61}
	EndGlobalSection
EndGlobal
